
Microsoft Visual Studio Solution File, Format Version 12.00
# Visual Studio Version 16
VisualStudioVersion = 16.0.31624.102
MinimumVisualStudioVersion = 10.0.40219.1
Project("{FAE04EC0-301F-11D3-BF4B-00C04F79EFBC}") = "eye-track-api", "eye-track-api\eye-track-api.csproj", "{D3804A4F-CD00-4D4B-8842-D782A7AB1BC9}"
EndProject
Global
	GlobalSection(SolutionConfigurationPlatforms) = preSolution
		Debug|Any CPU = Debug|Any CPU
		Release|Any CPU = Release|Any CPU
	EndGlobalSection
	GlobalSection(ProjectConfigurationPlatforms) = postSolution
		{D3804A4F-CD00-4D4B-8842-D782A7AB1BC9}.Debug|Any CPU.ActiveCfg = Debug|Any CPU
		{D3804A4F-CD00-4D4B-8842-D782A7AB1BC9}.Debug|Any CPU.Build.0 = Debug|Any CPU
		{D3804A4F-CD00-4D4B-8842-D782A7AB1BC9}.Release|Any CPU.ActiveCfg = Release|Any CPU
		{D3804A4F-CD00-4D4B-8842-D782A7AB1BC9}.Release|Any CPU.Build.0 = Release|Any CPU
	EndGlobalSection
	GlobalSection(SolutionProperties) = preSolution
		HideSolutionNode = FALSE
	EndGlobalSection
	GlobalSection(ExtensibilityGlobals) = postSolution
		SolutionGuid = {1E4CA792-0761-4AF8-82E8-2214FF091CAF}
	EndGlobalSection
EndGlobal
